
Microsoft Visual Studio Solution File, Format Version 12.00
# Visual Studio 15
VisualStudioVersion = 15.0.27130.2020
MinimumVisualStudioVersion = 10.0.40219.1
Project("{FAE04EC0-301F-11D3-BF4B-00C04F79EFBC}") = "MVCPractice", "MVCPractice\MVCPractice.csproj", "{EC76B842-9E1D-4804-BCEB-81F4FD952FFA}"
EndProject
Global
	GlobalSection(SolutionConfigurationPlatforms) = preSolution
		Debug|Any CPU = Debug|Any CPU
		Release|Any CPU = Release|Any CPU
	EndGlobalSection
	GlobalSection(ProjectConfigurationPlatforms) = postSolution
		{EC76B842-9E1D-4804-BCEB-81F4FD952FFA}.Debug|Any CPU.ActiveCfg = Debug|Any CPU
		{EC76B842-9E1D-4804-BCEB-81F4FD952FFA}.Debug|Any CPU.Build.0 = Debug|Any CPU
		{EC76B842-9E1D-4804-BCEB-81F4FD952FFA}.Release|Any CPU.ActiveCfg = Release|Any CPU
		{EC76B842-9E1D-4804-BCEB-81F4FD952FFA}.Release|Any CPU.Build.0 = Release|Any CPU
	EndGlobalSection
	GlobalSection(SolutionProperties) = preSolution
		HideSolutionNode = FALSE
	EndGlobalSection
	GlobalSection(ExtensibilityGlobals) = postSolution
		SolutionGuid = {390358D3-EB23-47AC-9D8A-9BE0A135D9A3}
	EndGlobalSection
EndGlobal
